
Microsoft Visual Studio Solution File, Format Version 12.00
# Visual Studio Version 16
VisualStudioVersion = 16.0.30717.126
MinimumVisualStudioVersion = 10.0.40219.1
Project("{FAE04EC0-301F-11D3-BF4B-00C04F79EFBC}") = "BritoWebMVC", "BritoWebMVC\BritoWebMVC.csproj", "{AEBFC768-BDAF-4BF6-BB29-0E5DD343DCDF}"
EndProject
Global
	GlobalSection(SolutionConfigurationPlatforms) = preSolution
		Debug|Any CPU = Debug|Any CPU
		Release|Any CPU = Release|Any CPU
	EndGlobalSection
	GlobalSection(ProjectConfigurationPlatforms) = postSolution
		{AEBFC768-BDAF-4BF6-BB29-0E5DD343DCDF}.Debug|Any CPU.ActiveCfg = Debug|Any CPU
		{AEBFC768-BDAF-4BF6-BB29-0E5DD343DCDF}.Debug|Any CPU.Build.0 = Debug|Any CPU
		{AEBFC768-BDAF-4BF6-BB29-0E5DD343DCDF}.Release|Any CPU.ActiveCfg = Release|Any CPU
		{AEBFC768-BDAF-4BF6-BB29-0E5DD343DCDF}.Release|Any CPU.Build.0 = Release|Any CPU
	EndGlobalSection
	GlobalSection(SolutionProperties) = preSolution
		HideSolutionNode = FALSE
	EndGlobalSection
	GlobalSection(ExtensibilityGlobals) = postSolution
		SolutionGuid = {DAF53566-0AF8-48E4-AFC4-DA9847037EC2}
	EndGlobalSection
EndGlobal
